
Microsoft Visual Studio Solution File, Format Version 12.00
# Visual Studio Version 16
VisualStudioVersion = 16.0.31911.196
MinimumVisualStudioVersion = 10.0.40219.1
Project("{9A19103F-16F7-4668-BE54-9A1E7A4F7556}") = "TiberoSample", "TiberoSample.csproj", "{291DD6A3-BAA2-4BFF-B1ED-1843D9074B84}"
EndProject
Global
	GlobalSection(SolutionConfigurationPlatforms) = preSolution
		Debug|Any CPU = Debug|Any CPU
		Release|Any CPU = Release|Any CPU
	EndGlobalSection
	GlobalSection(ProjectConfigurationPlatforms) = postSolution
		{291DD6A3-BAA2-4BFF-B1ED-1843D9074B84}.Debug|Any CPU.ActiveCfg = Debug|Any CPU
		{291DD6A3-BAA2-4BFF-B1ED-1843D9074B84}.Debug|Any CPU.Build.0 = Debug|Any CPU
		{291DD6A3-BAA2-4BFF-B1ED-1843D9074B84}.Release|Any CPU.ActiveCfg = Release|Any CPU
		{291DD6A3-BAA2-4BFF-B1ED-1843D9074B84}.Release|Any CPU.Build.0 = Release|Any CPU
	EndGlobalSection
	GlobalSection(SolutionProperties) = preSolution
		HideSolutionNode = FALSE
	EndGlobalSection
	GlobalSection(ExtensibilityGlobals) = postSolution
		SolutionGuid = {CE6BF671-169B-44D5-84A4-5D4E8D985AEF}
	EndGlobalSection
EndGlobal
